
Microsoft Visual Studio Solution File, Format Version 12.00
# Visual Studio 15
Project("{FAE04EC0-301F-11D3-BF4B-00C04F79EFBC}") = "Assembly-CSharp", "Assembly-CSharp.csproj", "{D6BC191D-FD1E-A2E6-C1C8-F77E6FBBD94B}"
EndProject
Project("{FAE04EC0-301F-11D3-BF4B-00C04F79EFBC}") = "CFXRDemo", "CFXRDemo.csproj", "{C9657E51-5699-3333-E2EC-F48FF4A78245}"
EndProject
Project("{FAE04EC0-301F-11D3-BF4B-00C04F79EFBC}") = "CFXRRuntime", "CFXRRuntime.csproj", "{B36F079B-BFD6-EBE4-97B2-9CF8153083A4}"
EndProject
Project("{FAE04EC0-301F-11D3-BF4B-00C04F79EFBC}") = "KinoBloom.Runtime", "KinoBloom.Runtime.csproj", "{E4398A57-F3ED-49B8-65B0-1A6B1E5ACC9A}"
EndProject
Project("{FAE04EC0-301F-11D3-BF4B-00C04F79EFBC}") = "Assembly-CSharp-Editor", "Assembly-CSharp-Editor.csproj", "{EA1E6330-B42C-66BD-0993-542E6D0AA2AE}"
EndProject
Project("{FAE04EC0-301F-11D3-BF4B-00C04F79EFBC}") = "Meryel.CodeAssist.Editor", "Meryel.CodeAssist.Editor.csproj", "{0D927629-B3BB-635F-16DD-7680CCC9E72D}"
EndProject
Project("{FAE04EC0-301F-11D3-BF4B-00C04F79EFBC}") = "CFXREditor", "CFXREditor.csproj", "{690393AD-AAC2-0CF1-526B-411C82FF88C7}"
EndProject
Project("{FAE04EC0-301F-11D3-BF4B-00C04F79EFBC}") = "CFXR.WelcomeScreen", "CFXR.WelcomeScreen.csproj", "{3CE7531A-488F-CC41-DFF3-5A86AFD6343A}"
EndProject
Project("{FAE04EC0-301F-11D3-BF4B-00C04F79EFBC}") = "ToonyColorsPro.Demo.Editor", "ToonyColorsPro.Demo.Editor.csproj", "{9D3771BB-C565-F9DE-1B1E-713796035E2C}"
EndProject
Global
	GlobalSection(SolutionConfigurationPlatforms) = preSolution
		Debug|Any CPU = Debug|Any CPU
		Release|Any CPU = Release|Any CPU
	EndGlobalSection
	GlobalSection(ProjectConfigurationPlatforms) = postSolution
		{D6BC191D-FD1E-A2E6-C1C8-F77E6FBBD94B}.Debug|Any CPU.ActiveCfg = Debug|Any CPU
		{D6BC191D-FD1E-A2E6-C1C8-F77E6FBBD94B}.Debug|Any CPU.Build.0 = Debug|Any CPU
		{D6BC191D-FD1E-A2E6-C1C8-F77E6FBBD94B}.Release|Any CPU.ActiveCfg = Release|Any CPU
		{D6BC191D-FD1E-A2E6-C1C8-F77E6FBBD94B}.Release|Any CPU.Build.0 = Release|Any CPU
		{C9657E51-5699-3333-E2EC-F48FF4A78245}.Debug|Any CPU.ActiveCfg = Debug|Any CPU
		{C9657E51-5699-3333-E2EC-F48FF4A78245}.Debug|Any CPU.Build.0 = Debug|Any CPU
		{C9657E51-5699-3333-E2EC-F48FF4A78245}.Release|Any CPU.ActiveCfg = Release|Any CPU
		{C9657E51-5699-3333-E2EC-F48FF4A78245}.Release|Any CPU.Build.0 = Release|Any CPU
		{B36F079B-BFD6-EBE4-97B2-9CF8153083A4}.Debug|Any CPU.ActiveCfg = Debug|Any CPU
		{B36F079B-BFD6-EBE4-97B2-9CF8153083A4}.Debug|Any CPU.Build.0 = Debug|Any CPU
		{B36F079B-BFD6-EBE4-97B2-9CF8153083A4}.Release|Any CPU.ActiveCfg = Release|Any CPU
		{B36F079B-BFD6-EBE4-97B2-9CF8153083A4}.Release|Any CPU.Build.0 = Release|Any CPU
		{E4398A57-F3ED-49B8-65B0-1A6B1E5ACC9A}.Debug|Any CPU.ActiveCfg = Debug|Any CPU
		{E4398A57-F3ED-49B8-65B0-1A6B1E5ACC9A}.Debug|Any CPU.Build.0 = Debug|Any CPU
		{E4398A57-F3ED-49B8-65B0-1A6B1E5ACC9A}.Release|Any CPU.ActiveCfg = Release|Any CPU
		{E4398A57-F3ED-49B8-65B0-1A6B1E5ACC9A}.Release|Any CPU.Build.0 = Release|Any CPU
		{EA1E6330-B42C-66BD-0993-542E6D0AA2AE}.Debug|Any CPU.ActiveCfg = Debug|Any CPU
		{EA1E6330-B42C-66BD-0993-542E6D0AA2AE}.Debug|Any CPU.Build.0 = Debug|Any CPU
		{EA1E6330-B42C-66BD-0993-542E6D0AA2AE}.Release|Any CPU.ActiveCfg = Release|Any CPU
		{EA1E6330-B42C-66BD-0993-542E6D0AA2AE}.Release|Any CPU.Build.0 = Release|Any CPU
		{0D927629-B3BB-635F-16DD-7680CCC9E72D}.Debug|Any CPU.ActiveCfg = Debug|Any CPU
		{0D927629-B3BB-635F-16DD-7680CCC9E72D}.Debug|Any CPU.Build.0 = Debug|Any CPU
		{0D927629-B3BB-635F-16DD-7680CCC9E72D}.Release|Any CPU.ActiveCfg = Release|Any CPU
		{0D927629-B3BB-635F-16DD-7680CCC9E72D}.Release|Any CPU.Build.0 = Release|Any CPU
		{690393AD-AAC2-0CF1-526B-411C82FF88C7}.Debug|Any CPU.ActiveCfg = Debug|Any CPU
		{690393AD-AAC2-0CF1-526B-411C82FF88C7}.Debug|Any CPU.Build.0 = Debug|Any CPU
		{690393AD-AAC2-0CF1-526B-411C82FF88C7}.Release|Any CPU.ActiveCfg = Release|Any CPU
		{690393AD-AAC2-0CF1-526B-411C82FF88C7}.Release|Any CPU.Build.0 = Release|Any CPU
		{3CE7531A-488F-CC41-DFF3-5A86AFD6343A}.Debug|Any CPU.ActiveCfg = Debug|Any CPU
		{3CE7531A-488F-CC41-DFF3-5A86AFD6343A}.Debug|Any CPU.Build.0 = Debug|Any CPU
		{3CE7531A-488F-CC41-DFF3-5A86AFD6343A}.Release|Any CPU.ActiveCfg = Release|Any CPU
		{3CE7531A-488F-CC41-DFF3-5A86AFD6343A}.Release|Any CPU.Build.0 = Release|Any CPU
		{9D3771BB-C565-F9DE-1B1E-713796035E2C}.Debug|Any CPU.ActiveCfg = Debug|Any CPU
		{9D3771BB-C565-F9DE-1B1E-713796035E2C}.Debug|Any CPU.Build.0 = Debug|Any CPU
		{9D3771BB-C565-F9DE-1B1E-713796035E2C}.Release|Any CPU.ActiveCfg = Release|Any CPU
		{9D3771BB-C565-F9DE-1B1E-713796035E2C}.Release|Any CPU.Build.0 = Release|Any CPU
	EndGlobalSection
	GlobalSection(SolutionProperties) = preSolution
		HideSolutionNode = FALSE
	EndGlobalSection
EndGlobal
